{
  "name": "FP-journey",
  "version": "1.0.0",
  "lockfileVersion": 1,
  "requires": true,
  "dependencies": {
    "esbuild": {
      "version": "0.6.27",
      "resolved": "https://registry.npmjs.org/esbuild/-/esbuild-0.6.27.tgz",
      "integrity": "sha512-oonxxg/ExZt9tYMPnEUDYAN7YefEPsC21pXez5rwKcCPAF6gzMuxLvAdbU4dCT8Tp0I2avODz61vrGyu5wR/uA==",
      "dev": true
    }
  }
}
